
Microsoft Visual Studio Solution File, Format Version 12.00
# Visual Studio Version 17
VisualStudioVersion = 17.11.35312.102
MinimumVisualStudioVersion = 10.0.40219.1
Project("{FAE04EC0-301F-11D3-BF4B-00C04F79EFBC}") = "GerenciadorDeTarefas.API", "GerenciadorDeTarefas.API.csproj", "{729A06C5-EFB9-4B14-BEA7-1C6C7EED9D63}"
EndProject
Project("{FAE04EC0-301F-11D3-BF4B-00C04F79EFBC}") = "GerenciadorDeTarefas.Application", "..\GerenciadorDeTarefas.Application\GerenciadorDeTarefas.Application.csproj", "{B39C75CF-3C8D-4357-9C7B-0E955A6C10A4}"
EndProject
Project("{FAE04EC0-301F-11D3-BF4B-00C04F79EFBC}") = "GerenciadorDeTareas.Comunication", "..\GerenciadorDeTareas.Comunication\GerenciadorDeTareas.Comunication.csproj", "{FFBEACE2-02E8-42FD-8940-00ABA85B0D79}"
EndProject
Global
	GlobalSection(SolutionConfigurationPlatforms) = preSolution
		Debug|Any CPU = Debug|Any CPU
		Release|Any CPU = Release|Any CPU
	EndGlobalSection
	GlobalSection(ProjectConfigurationPlatforms) = postSolution
		{729A06C5-EFB9-4B14-BEA7-1C6C7EED9D63}.Debug|Any CPU.ActiveCfg = Debug|Any CPU
		{729A06C5-EFB9-4B14-BEA7-1C6C7EED9D63}.Debug|Any CPU.Build.0 = Debug|Any CPU
		{729A06C5-EFB9-4B14-BEA7-1C6C7EED9D63}.Release|Any CPU.ActiveCfg = Release|Any CPU
		{729A06C5-EFB9-4B14-BEA7-1C6C7EED9D63}.Release|Any CPU.Build.0 = Release|Any CPU
		{B39C75CF-3C8D-4357-9C7B-0E955A6C10A4}.Debug|Any CPU.ActiveCfg = Debug|Any CPU
		{B39C75CF-3C8D-4357-9C7B-0E955A6C10A4}.Debug|Any CPU.Build.0 = Debug|Any CPU
		{B39C75CF-3C8D-4357-9C7B-0E955A6C10A4}.Release|Any CPU.ActiveCfg = Release|Any CPU
		{B39C75CF-3C8D-4357-9C7B-0E955A6C10A4}.Release|Any CPU.Build.0 = Release|Any CPU
		{FFBEACE2-02E8-42FD-8940-00ABA85B0D79}.Debug|Any CPU.ActiveCfg = Debug|Any CPU
		{FFBEACE2-02E8-42FD-8940-00ABA85B0D79}.Debug|Any CPU.Build.0 = Debug|Any CPU
		{FFBEACE2-02E8-42FD-8940-00ABA85B0D79}.Release|Any CPU.ActiveCfg = Release|Any CPU
		{FFBEACE2-02E8-42FD-8940-00ABA85B0D79}.Release|Any CPU.Build.0 = Release|Any CPU
	EndGlobalSection
	GlobalSection(SolutionProperties) = preSolution
		HideSolutionNode = FALSE
	EndGlobalSection
	GlobalSection(ExtensibilityGlobals) = postSolution
		SolutionGuid = {7B49A8FB-7465-4374-ACEC-2F4EFB3A9340}
	EndGlobalSection
EndGlobal
